// !$*UTF8*$!
{
	archiveVersion = 1;
	classes = {
	};
	objectVersion = 45;
	objects = {

/* Begin PBXBuildFile section */
		1D3623260D0F684500981E51 /* OvertureAppDelegate.m in Sources */ = {isa = PBXBuildFile; fileRef = 1D3623250D0F684500981E51 /* OvertureAppDelegate.m */; };
		1D60589B0D05DD56006BFB54 /* main.m in Sources */ = {isa = PBXBuildFile; fileRef = 29B97316FDCFA39411CA2CEA /* main.m */; };
		1D60589F0D05DD5A006BFB54 /* Foundation.framework in Frameworks */ = {isa = PBXBuildFile; fileRef = 1D30AB110D05D00D00671497 /* Foundation.framework */; };
		1DF5F4E00D08C38300B7A737 /* UIKit.framework in Frameworks */ = {isa = PBXBuildFile; fileRef = 1DF5F4DF0D08C38300B7A737 /* UIKit.framework */; };
		288765FD0DF74451002DB57D /* CoreGraphics.framework in Frameworks */ = {isa = PBXBuildFile; fileRef = 288765FC0DF74451002DB57D /* CoreGraphics.framework */; };
		28AD733F0D9D9553002E5188 /* MainWindow.xib in Resources */ = {isa = PBXBuildFile; fileRef = 28AD733E0D9D9553002E5188 /* MainWindow.xib */; };
		620FD91C12287C9900EDE2B7 /* TAMusicView.m in Sources */ = {isa = PBXBuildFile; fileRef = 620FD91B12287C9900EDE2B7 /* TAMusicView.m */; };
		620FD9E2122887D100EDE2B7 /* Maestro.ttf in Resources */ = {isa = PBXBuildFile; fileRef = 620FD91812287C3800EDE2B7 /* Maestro.ttf */; };
		620FDA4712289E0F00EDE2B7 /* TAMusicStaff.m in Sources */ = {isa = PBXBuildFile; fileRef = 620FDA4612289E0F00EDE2B7 /* TAMusicStaff.m */; };
		623BDE06122C8968005605B4 /* TAMusicNote.m in Sources */ = {isa = PBXBuildFile; fileRef = 623BDE05122C8968005605B4 /* TAMusicNote.m */; };
		62573343121A5B4700E1356F /* TAMusicXMLImporterTestCase.m in Sources */ = {isa = PBXBuildFile; fileRef = 62573342121A5B4700E1356F /* TAMusicXMLImporterTestCase.m */; };
		625FF51F121EE90700D201A8 /* TAMusicArticulation.m in Sources */ = {isa = PBXBuildFile; fileRef = 625FF51E121EE90700D201A8 /* TAMusicArticulation.m */; };
		625FF520121EE90700D201A8 /* TAMusicArticulation.m in Sources */ = {isa = PBXBuildFile; fileRef = 625FF51E121EE90700D201A8 /* TAMusicArticulation.m */; };
		625FF527121EE93800D201A8 /* TAMusicInstrument.m in Sources */ = {isa = PBXBuildFile; fileRef = 625FF526121EE93800D201A8 /* TAMusicInstrument.m */; };
		625FF528121EE93800D201A8 /* TAMusicInstrument.m in Sources */ = {isa = PBXBuildFile; fileRef = 625FF526121EE93800D201A8 /* TAMusicInstrument.m */; };
		625FF52B121EE94B00D201A8 /* TAMusicText.m in Sources */ = {isa = PBXBuildFile; fileRef = 625FF52A121EE94B00D201A8 /* TAMusicText.m */; };
		625FF52C121EE94B00D201A8 /* TAMusicText.m in Sources */ = {isa = PBXBuildFile; fileRef = 625FF52A121EE94B00D201A8 /* TAMusicText.m */; };
		62615A421239AFD9008FDA09 /* images.bundle in Resources */ = {isa = PBXBuildFile; fileRef = 62615A411239AFD9008FDA09 /* images.bundle */; };
		6265F3FD121884A80010DEE2 /* TAMusicCommon.m in Sources */ = {isa = PBXBuildFile; fileRef = 6265F3EB121884800010DEE2 /* TAMusicCommon.m */; };
		6265F3FE121884A80010DEE2 /* TAMusicMeasure.m in Sources */ = {isa = PBXBuildFile; fileRef = 6265F3ED121884800010DEE2 /* TAMusicMeasure.m */; };
		6265F3FF121884A80010DEE2 /* TAMusicPart.m in Sources */ = {isa = PBXBuildFile; fileRef = 6265F3EF121884800010DEE2 /* TAMusicPart.m */; };
		6265F400121884A80010DEE2 /* TAMusicScore.m in Sources */ = {isa = PBXBuildFile; fileRef = 6265F3F1121884800010DEE2 /* TAMusicScore.m */; };
		62708C931229792800DA149B /* RootController.m in Sources */ = {isa = PBXBuildFile; fileRef = 62708C921229792800DA149B /* RootController.m */; };
		62708F381229903600DA149B /* libTAToolkit.a in Frameworks */ = {isa = PBXBuildFile; fileRef = 62708F371229903300DA149B /* libTAToolkit.a */; };
		6270924A1229FA1700DA149B /* TAMusicFont.m in Sources */ = {isa = PBXBuildFile; fileRef = 627092491229FA1700DA149B /* TAMusicFont.m */; };
		6270942F122A19F200DA149B /* CoreText.framework in Frameworks */ = {isa = PBXBuildFile; fileRef = 6270942E122A19F200DA149B /* CoreText.framework */; };
		6270A139122B6F2F00DA149B /* musicXML.bundle in Resources */ = {isa = PBXBuildFile; fileRef = 6270A138122B6F2F00DA149B /* musicXML.bundle */; };
		62962EC3121A5FCE002F6246 /* TAMusicStaffLayer.m in Sources */ = {isa = PBXBuildFile; fileRef = 62962EC2121A5FCE002F6246 /* TAMusicStaffLayer.m */; };
		62962EFA121A603D002F6246 /* QuartzCore.framework in Frameworks */ = {isa = PBXBuildFile; fileRef = 62962EF9121A603D002F6246 /* QuartzCore.framework */; };
		62ABE1881227918400A20A82 /* TAMusicCommonTests.m in Sources */ = {isa = PBXBuildFile; fileRef = 62ABE1871227918400A20A82 /* TAMusicCommonTests.m */; };
		62C598D012188744003842DF /* TAMusicMeasureTestCase.m in Sources */ = {isa = PBXBuildFile; fileRef = 6265F3E1121884760010DEE2 /* TAMusicMeasureTestCase.m */; };
		62C598D112188744003842DF /* TAMusicPartTestCase.m in Sources */ = {isa = PBXBuildFile; fileRef = 6265F3E3121884760010DEE2 /* TAMusicPartTestCase.m */; };
		62C598D212188744003842DF /* TAMusicScoreTestCase.m in Sources */ = {isa = PBXBuildFile; fileRef = 6265F3E5121884760010DEE2 /* TAMusicScoreTestCase.m */; };
		62C598D312188744003842DF /* TAMusicCommon.m in Sources */ = {isa = PBXBuildFile; fileRef = 6265F3EB121884800010DEE2 /* TAMusicCommon.m */; };
		62C598D412188744003842DF /* TAMusicMeasure.m in Sources */ = {isa = PBXBuildFile; fileRef = 6265F3ED121884800010DEE2 /* TAMusicMeasure.m */; };
		62C598D512188744003842DF /* TAMusicPart.m in Sources */ = {isa = PBXBuildFile; fileRef = 6265F3EF121884800010DEE2 /* TAMusicPart.m */; };
		62C598D612188744003842DF /* TAMusicScore.m in Sources */ = {isa = PBXBuildFile; fileRef = 6265F3F1121884800010DEE2 /* TAMusicScore.m */; };
		62C599EF12188C43003842DF /* TAMusicXMLImporter.m in Sources */ = {isa = PBXBuildFile; fileRef = 62C599EE12188C43003842DF /* TAMusicXMLImporter.m */; };
		62C599F012188C43003842DF /* TAMusicXMLImporter.m in Sources */ = {isa = PBXBuildFile; fileRef = 62C599EE12188C43003842DF /* TAMusicXMLImporter.m */; };
		62C599F412188C79003842DF /* TAMusicImporter.m in Sources */ = {isa = PBXBuildFile; fileRef = 62C599F312188C79003842DF /* TAMusicImporter.m */; };
		62C599F512188C79003842DF /* TAMusicImporter.m in Sources */ = {isa = PBXBuildFile; fileRef = 62C599F312188C79003842DF /* TAMusicImporter.m */; };
/* End PBXBuildFile section */

/* Begin PBXContainerItemProxy section */
		62708F361229903300DA149B /* PBXContainerItemProxy */ = {
			isa = PBXContainerItemProxy;
			containerPortal = 62708F321229903300DA149B /* TAToolkit.xcodeproj */;
			proxyType = 2;
			remoteGlobalIDString = D2AAC07E0554694100DB518D;
			remoteInfo = TAToolkit;
		};
		62708F391229904200DA149B /* PBXContainerItemProxy */ = {
			isa = PBXContainerItemProxy;
			containerPortal = 62708F321229903300DA149B /* TAToolkit.xcodeproj */;
			proxyType = 1;
			remoteGlobalIDString = D2AAC07D0554694100DB518D;
			remoteInfo = TAToolkit;
		};
/* End PBXContainerItemProxy section */

/* Begin PBXFileReference section */
		1D30AB110D05D00D00671497 /* Foundation.framework */ = {isa = PBXFileReference; lastKnownFileType = wrapper.framework; name = Foundation.framework; path = System/Library/Frameworks/Foundation.framework; sourceTree = SDKROOT; };
		1D3623240D0F684500981E51 /* OvertureAppDelegate.h */ = {isa = PBXFileReference; fileEncoding = 4; lastKnownFileType = sourcecode.c.h; path = OvertureAppDelegate.h; sourceTree = "<group>"; };
		1D3623250D0F684500981E51 /* OvertureAppDelegate.m */ = {isa = PBXFileReference; fileEncoding = 4; lastKnownFileType = sourcecode.c.objc; path = OvertureAppDelegate.m; sourceTree = "<group>"; };
		1D6058910D05DD3D006BFB54 /* Overture.app */ = {isa = PBXFileReference; explicitFileType = wrapper.application; includeInIndex = 0; path = Overture.app; sourceTree = BUILT_PRODUCTS_DIR; };
		1DF5F4DF0D08C38300B7A737 /* UIKit.framework */ = {isa = PBXFileReference; lastKnownFileType = wrapper.framework; name = UIKit.framework; path = System/Library/Frameworks/UIKit.framework; sourceTree = SDKROOT; };
		288765FC0DF74451002DB57D /* CoreGraphics.framework */ = {isa = PBXFileReference; lastKnownFileType = wrapper.framework; name = CoreGraphics.framework; path = System/Library/Frameworks/CoreGraphics.framework; sourceTree = SDKROOT; };
		28AD733E0D9D9553002E5188 /* MainWindow.xib */ = {isa = PBXFileReference; lastKnownFileType = file.xib; path = MainWindow.xib; sourceTree = "<group>"; };
		29B97316FDCFA39411CA2CEA /* main.m */ = {isa = PBXFileReference; fileEncoding = 4; lastKnownFileType = sourcecode.c.objc; path = main.m; sourceTree = "<group>"; };
		32CA4F630368D1EE00C91783 /* Overture_Prefix.pch */ = {isa = PBXFileReference; fileEncoding = 4; lastKnownFileType = sourcecode.c.h; path = Overture_Prefix.pch; sourceTree = "<group>"; };
		620FD91812287C3800EDE2B7 /* Maestro.ttf */ = {isa = PBXFileReference; fileEncoding = 4; lastKnownFileType = text; name = Maestro.ttf; path = Classes/TAMusic/Fonts/Maestro.ttf; sourceTree = "<group>"; };
		620FD91A12287C9900EDE2B7 /* TAMusicView.h */ = {isa = PBXFileReference; fileEncoding = 4; lastKnownFileType = sourcecode.c.h; name = TAMusicView.h; path = Classes/TAMusic/TAMusicView.h; sourceTree = "<group>"; };
		620FD91B12287C9900EDE2B7 /* TAMusicView.m */ = {isa = PBXFileReference; fileEncoding = 4; lastKnownFileType = sourcecode.c.objc; name = TAMusicView.m; path = Classes/TAMusic/TAMusicView.m; sourceTree = "<group>"; };
		620FDA4512289E0F00EDE2B7 /* TAMusicStaff.h */ = {isa = PBXFileReference; fileEncoding = 4; lastKnownFileType = sourcecode.c.h; name = TAMusicStaff.h; path = Classes/TAMusic/TAMusicStaff.h; sourceTree = "<group>"; };
		620FDA4612289E0F00EDE2B7 /* TAMusicStaff.m */ = {isa = PBXFileReference; fileEncoding = 4; lastKnownFileType = sourcecode.c.objc; name = TAMusicStaff.m; path = Classes/TAMusic/TAMusicStaff.m; sourceTree = "<group>"; };
		623BDE04122C8968005605B4 /* TAMusicNote.h */ = {isa = PBXFileReference; fileEncoding = 4; lastKnownFileType = sourcecode.c.h; name = TAMusicNote.h; path = Classes/TAMusic/TAMusicNote.h; sourceTree = "<group>"; };
		623BDE05122C8968005605B4 /* TAMusicNote.m */ = {isa = PBXFileReference; fileEncoding = 4; lastKnownFileType = sourcecode.c.objc; name = TAMusicNote.m; path = Classes/TAMusic/TAMusicNote.m; sourceTree = "<group>"; };
		62573341121A5B4700E1356F /* TAMusicXMLImporterTestCase.h */ = {isa = PBXFileReference; fileEncoding = 4; lastKnownFileType = sourcecode.c.h; name = TAMusicXMLImporterTestCase.h; path = "Classes/TAMusic/Unit Tests/TAMusicXMLImporterTestCase.h"; sourceTree = "<group>"; };
		62573342121A5B4700E1356F /* TAMusicXMLImporterTestCase.m */ = {isa = PBXFileReference; fileEncoding = 4; lastKnownFileType = sourcecode.c.objc; name = TAMusicXMLImporterTestCase.m; path = "Classes/TAMusic/Unit Tests/TAMusicXMLImporterTestCase.m"; sourceTree = "<group>"; };
		625FF51D121EE90700D201A8 /* TAMusicArticulation.h */ = {isa = PBXFileReference; fileEncoding = 4; lastKnownFileType = sourcecode.c.h; name = TAMusicArticulation.h; path = Classes/TAMusic/TAMusicArticulation.h; sourceTree = "<group>"; };
		625FF51E121EE90700D201A8 /* TAMusicArticulation.m */ = {isa = PBXFileReference; fileEncoding = 4; lastKnownFileType = sourcecode.c.objc; name = TAMusicArticulation.m; path = Classes/TAMusic/TAMusicArticulation.m; sourceTree = "<group>"; };
		625FF525121EE93800D201A8 /* TAMusicInstrument.h */ = {isa = PBXFileReference; fileEncoding = 4; lastKnownFileType = sourcecode.c.h; name = TAMusicInstrument.h; path = Classes/TAMusic/TAMusicInstrument.h; sourceTree = "<group>"; };
		625FF526121EE93800D201A8 /* TAMusicInstrument.m */ = {isa = PBXFileReference; fileEncoding = 4; lastKnownFileType = sourcecode.c.objc; name = TAMusicInstrument.m; path = Classes/TAMusic/TAMusicInstrument.m; sourceTree = "<group>"; };
		625FF529121EE94B00D201A8 /* TAMusicText.h */ = {isa = PBXFileReference; fileEncoding = 4; lastKnownFileType = sourcecode.c.h; name = TAMusicText.h; path = Classes/TAMusic/TAMusicText.h; sourceTree = "<group>"; };
		625FF52A121EE94B00D201A8 /* TAMusicText.m */ = {isa = PBXFileReference; fileEncoding = 4; lastKnownFileType = sourcecode.c.objc; name = TAMusicText.m; path = Classes/TAMusic/TAMusicText.m; sourceTree = "<group>"; };
		62615A411239AFD9008FDA09 /* images.bundle */ = {isa = PBXFileReference; lastKnownFileType = "wrapper.plug-in"; path = images.bundle; sourceTree = "<group>"; };
		6265F3D41218840F0010DEE2 /* TAMusic Unit Tests-Info.plist */ = {isa = PBXFileReference; lastKnownFileType = text.plist.xml; path = "TAMusic Unit Tests-Info.plist"; sourceTree = "<group>"; };
		6265F3E0121884760010DEE2 /* TAMusicMeasureTestCase.h */ = {isa = PBXFileReference; fileEncoding = 4; lastKnownFileType = sourcecode.c.h; name = TAMusicMeasureTestCase.h; path = "Classes/TAMusic/Unit Tests/TAMusicMeasureTestCase.h"; sourceTree = "<group>"; };
		6265F3E1121884760010DEE2 /* TAMusicMeasureTestCase.m */ = {isa = PBXFileReference; fileEncoding = 4; lastKnownFileType = sourcecode.c.objc; name = TAMusicMeasureTestCase.m; path = "Classes/TAMusic/Unit Tests/TAMusicMeasureTestCase.m"; sourceTree = "<group>"; };
		6265F3E2121884760010DEE2 /* TAMusicPartTestCase.h */ = {isa = PBXFileReference; fileEncoding = 4; lastKnownFileType = sourcecode.c.h; name = TAMusicPartTestCase.h; path = "Classes/TAMusic/Unit Tests/TAMusicPartTestCase.h"; sourceTree = "<group>"; };
		6265F3E3121884760010DEE2 /* TAMusicPartTestCase.m */ = {isa = PBXFileReference; fileEncoding = 4; lastKnownFileType = sourcecode.c.objc; name = TAMusicPartTestCase.m; path = "Classes/TAMusic/Unit Tests/TAMusicPartTestCase.m"; sourceTree = "<group>"; };
		6265F3E4121884760010DEE2 /* TAMusicScoreTestCase.h */ = {isa = PBXFileReference; fileEncoding = 4; lastKnownFileType = sourcecode.c.h; name = TAMusicScoreTestCase.h; path = "Classes/TAMusic/Unit Tests/TAMusicScoreTestCase.h"; sourceTree = "<group>"; };
		6265F3E5121884760010DEE2 /* TAMusicScoreTestCase.m */ = {isa = PBXFileReference; fileEncoding = 4; lastKnownFileType = sourcecode.c.objc; name = TAMusicScoreTestCase.m; path = "Classes/TAMusic/Unit Tests/TAMusicScoreTestCase.m"; sourceTree = "<group>"; };
		6265F3E9121884800010DEE2 /* TAMusic.h */ = {isa = PBXFileReference; fileEncoding = 4; lastKnownFileType = sourcecode.c.h; name = TAMusic.h; path = Classes/TAMusic/TAMusic.h; sourceTree = "<group>"; };
		6265F3EA121884800010DEE2 /* TAMusicCommon.h */ = {isa = PBXFileReference; fileEncoding = 4; lastKnownFileType = sourcecode.c.h; name = TAMusicCommon.h; path = Classes/TAMusic/TAMusicCommon.h; sourceTree = "<group>"; };
		6265F3EB121884800010DEE2 /* TAMusicCommon.m */ = {isa = PBXFileReference; fileEncoding = 4; lastKnownFileType = sourcecode.c.objc; name = TAMusicCommon.m; path = Classes/TAMusic/TAMusicCommon.m; sourceTree = "<group>"; };
		6265F3EC121884800010DEE2 /* TAMusicMeasure.h */ = {isa = PBXFileReference; fileEncoding = 4; lastKnownFileType = sourcecode.c.h; name = TAMusicMeasure.h; path = Classes/TAMusic/TAMusicMeasure.h; sourceTree = "<group>"; };
		6265F3ED121884800010DEE2 /* TAMusicMeasure.m */ = {isa = PBXFileReference; fileEncoding = 4; lastKnownFileType = sourcecode.c.objc; name = TAMusicMeasure.m; path = Classes/TAMusic/TAMusicMeasure.m; sourceTree = "<group>"; };
		6265F3EE121884800010DEE2 /* TAMusicPart.h */ = {isa = PBXFileReference; fileEncoding = 4; lastKnownFileType = sourcecode.c.h; name = TAMusicPart.h; path = Classes/TAMusic/TAMusicPart.h; sourceTree = "<group>"; };
		6265F3EF121884800010DEE2 /* TAMusicPart.m */ = {isa = PBXFileReference; fileEncoding = 4; lastKnownFileType = sourcecode.c.objc; name = TAMusicPart.m; path = Classes/TAMusic/TAMusicPart.m; sourceTree = "<group>"; };
		6265F3F0121884800010DEE2 /* TAMusicScore.h */ = {isa = PBXFileReference; fileEncoding = 4; lastKnownFileType = sourcecode.c.h; name = TAMusicScore.h; path = Classes/TAMusic/TAMusicScore.h; sourceTree = "<group>"; };
		6265F3F1121884800010DEE2 /* TAMusicScore.m */ = {isa = PBXFileReference; fileEncoding = 4; lastKnownFileType = sourcecode.c.objc; name = TAMusicScore.m; path = Classes/TAMusic/TAMusicScore.m; sourceTree = "<group>"; };
		6265F420121885E10010DEE2 /* TAMusic Test Bundle.octest */ = {isa = PBXFileReference; explicitFileType = wrapper.cfbundle; includeInIndex = 0; path = "TAMusic Test Bundle.octest"; sourceTree = BUILT_PRODUCTS_DIR; };
		6265F421121885E10010DEE2 /* TAMusic Test Bundle-Info.plist */ = {isa = PBXFileReference; lastKnownFileType = text.plist.xml; path = "TAMusic Test Bundle-Info.plist"; sourceTree = "<group>"; };
		62708C911229792800DA149B /* RootController.h */ = {isa = PBXFileReference; fileEncoding = 4; lastKnownFileType = sourcecode.c.h; path = RootController.h; sourceTree = "<group>"; };
		62708C921229792800DA149B /* RootController.m */ = {isa = PBXFileReference; fileEncoding = 4; lastKnownFileType = sourcecode.c.objc; path = RootController.m; sourceTree = "<group>"; };
		62708F321229903300DA149B /* TAToolkit.xcodeproj */ = {isa = PBXFileReference; lastKnownFileType = "wrapper.pb-project"; name = TAToolkit.xcodeproj; path = Frameworks/TAToolkit/TAToolkit.xcodeproj; sourceTree = "<group>"; };
		627092481229FA1700DA149B /* TAMusicFont.h */ = {isa = PBXFileReference; fileEncoding = 4; lastKnownFileType = sourcecode.c.h; name = TAMusicFont.h; path = Classes/TAMusic/TAMusicFont.h; sourceTree = "<group>"; };
		627092491229FA1700DA149B /* TAMusicFont.m */ = {isa = PBXFileReference; fileEncoding = 4; lastKnownFileType = sourcecode.c.objc; name = TAMusicFont.m; path = Classes/TAMusic/TAMusicFont.m; sourceTree = "<group>"; };
		6270942E122A19F200DA149B /* CoreText.framework */ = {isa = PBXFileReference; lastKnownFileType = wrapper.framework; name = CoreText.framework; path = System/Library/Frameworks/CoreText.framework; sourceTree = SDKROOT; };
		6270A138122B6F2F00DA149B /* musicXML.bundle */ = {isa = PBXFileReference; lastKnownFileType = "wrapper.plug-in"; path = musicXML.bundle; sourceTree = "<group>"; };
		62962EC1121A5FCE002F6246 /* TAMusicStaffLayer.h */ = {isa = PBXFileReference; fileEncoding = 4; lastKnownFileType = sourcecode.c.h; name = TAMusicStaffLayer.h; path = Classes/TAMusic/Layers/TAMusicStaffLayer.h; sourceTree = "<group>"; };
		62962EC2121A5FCE002F6246 /* TAMusicStaffLayer.m */ = {isa = PBXFileReference; fileEncoding = 4; lastKnownFileType = sourcecode.c.objc; name = TAMusicStaffLayer.m; path = Classes/TAMusic/Layers/TAMusicStaffLayer.m; sourceTree = "<group>"; };
		62962EF9121A603D002F6246 /* QuartzCore.framework */ = {isa = PBXFileReference; lastKnownFileType = wrapper.framework; name = QuartzCore.framework; path = System/Library/Frameworks/QuartzCore.framework; sourceTree = SDKROOT; };
		62ABE1861227918400A20A82 /* TAMusicCommonTests.h */ = {isa = PBXFileReference; fileEncoding = 4; lastKnownFileType = sourcecode.c.h; name = TAMusicCommonTests.h; path = "Classes/TAMusic/Unit Tests/TAMusicCommonTests.h"; sourceTree = "<group>"; };
		62ABE1871227918400A20A82 /* TAMusicCommonTests.m */ = {isa = PBXFileReference; fileEncoding = 4; lastKnownFileType = sourcecode.c.objc; name = TAMusicCommonTests.m; path = "Classes/TAMusic/Unit Tests/TAMusicCommonTests.m"; sourceTree = "<group>"; };
		62C599ED12188C43003842DF /* TAMusicXMLImporter.h */ = {isa = PBXFileReference; fileEncoding = 4; lastKnownFileType = sourcecode.c.h; name = TAMusicXMLImporter.h; path = Classes/TAMusic/Importers/TAMusicXMLImporter.h; sourceTree = "<group>"; };
		62C599EE12188C43003842DF /* TAMusicXMLImporter.m */ = {isa = PBXFileReference; fileEncoding = 4; lastKnownFileType = sourcecode.c.objc; name = TAMusicXMLImporter.m; path = Classes/TAMusic/Importers/TAMusicXMLImporter.m; sourceTree = "<group>"; };
		62C599F212188C79003842DF /* TAMusicImporter.h */ = {isa = PBXFileReference; fileEncoding = 4; lastKnownFileType = sourcecode.c.h; name = TAMusicImporter.h; path = Classes/TAMusic/Importers/TAMusicImporter.h; sourceTree = "<group>"; };
		62C599F312188C79003842DF /* TAMusicImporter.m */ = {isa = PBXFileReference; fileEncoding = 4; lastKnownFileType = sourcecode.c.objc; name = TAMusicImporter.m; path = Classes/TAMusic/Importers/TAMusicImporter.m; sourceTree = "<group>"; };
		8D1107310486CEB800E47090 /* Overture-Info.plist */ = {isa = PBXFileReference; fileEncoding = 4; lastKnownFileType = text.plist.xml; path = "Overture-Info.plist"; plistStructureDefinitionIdentifier = "com.apple.xcode.plist.structure-definition.iphone.info-plist"; sourceTree = "<group>"; };
/* End PBXFileReference section */

/* Begin PBXFrameworksBuildPhase section */
		1D60588F0D05DD3D006BFB54 /* Frameworks */ = {
			isa = PBXFrameworksBuildPhase;
			buildActionMask = 2147483647;
			files = (
				1D60589F0D05DD5A006BFB54 /* Foundation.framework in Frameworks */,
				1DF5F4E00D08C38300B7A737 /* UIKit.framework in Frameworks */,
				288765FD0DF74451002DB57D /* CoreGraphics.framework in Frameworks */,
				62962EFA121A603D002F6246 /* QuartzCore.framework in Frameworks */,
				62708F381229903600DA149B /* libTAToolkit.a in Frameworks */,
				6270942F122A19F200DA149B /* CoreText.framework in Frameworks */,
			);
			runOnlyForDeploymentPostprocessing = 0;
		};
		6265F41D121885E10010DEE2 /* Frameworks */ = {
			isa = PBXFrameworksBuildPhase;
			buildActionMask = 2147483647;
			files = (
			);
			runOnlyForDeploymentPostprocessing = 0;
		};
/* End PBXFrameworksBuildPhase section */

/* Begin PBXGroup section */
		080E96DDFE201D6D7F000001 /* Classes */ = {
			isa = PBXGroup;
			children = (
				1D3623240D0F684500981E51 /* OvertureAppDelegate.h */,
				1D3623250D0F684500981E51 /* OvertureAppDelegate.m */,
				62708C911229792800DA149B /* RootController.h */,
				62708C921229792800DA149B /* RootController.m */,
			);
			path = Classes;
			sourceTree = "<group>";
		};
		19C28FACFE9D520D11CA2CBB /* Products */ = {
			isa = PBXGroup;
			children = (
				1D6058910D05DD3D006BFB54 /* Overture.app */,
				6265F420121885E10010DEE2 /* TAMusic Test Bundle.octest */,
			);
			name = Products;
			sourceTree = "<group>";
		};
		29B97314FDCFA39411CA2CEA /* CustomTemplate */ = {
			isa = PBXGroup;
			children = (
				6265F3D91218841D0010DEE2 /* TAMusic */,
				080E96DDFE201D6D7F000001 /* Classes */,
				29B97315FDCFA39411CA2CEA /* Other Sources */,
				29B97317FDCFA39411CA2CEA /* Resources */,
				29B97323FDCFA39411CA2CEA /* Frameworks */,
				19C28FACFE9D520D11CA2CBB /* Products */,
				6265F3D41218840F0010DEE2 /* TAMusic Unit Tests-Info.plist */,
				6265F421121885E10010DEE2 /* TAMusic Test Bundle-Info.plist */,
			);
			name = CustomTemplate;
			sourceTree = "<group>";
		};
		29B97315FDCFA39411CA2CEA /* Other Sources */ = {
			isa = PBXGroup;
			children = (
				32CA4F630368D1EE00C91783 /* Overture_Prefix.pch */,
				29B97316FDCFA39411CA2CEA /* main.m */,
			);
			name = "Other Sources";
			sourceTree = "<group>";
		};
		29B97317FDCFA39411CA2CEA /* Resources */ = {
			isa = PBXGroup;
			children = (
				62615A411239AFD9008FDA09 /* images.bundle */,
				6270A138122B6F2F00DA149B /* musicXML.bundle */,
				620FD90F12287A4100EDE2B7 /* Fonts */,
				28AD733E0D9D9553002E5188 /* MainWindow.xib */,
				8D1107310486CEB800E47090 /* Overture-Info.plist */,
			);
			name = Resources;
			sourceTree = "<group>";
		};
		29B97323FDCFA39411CA2CEA /* Frameworks */ = {
			isa = PBXGroup;
			children = (
				62708F321229903300DA149B /* TAToolkit.xcodeproj */,
				1DF5F4DF0D08C38300B7A737 /* UIKit.framework */,
				1D30AB110D05D00D00671497 /* Foundation.framework */,
				288765FC0DF74451002DB57D /* CoreGraphics.framework */,
				62962EF9121A603D002F6246 /* QuartzCore.framework */,
				6270942E122A19F200DA149B /* CoreText.framework */,
			);
			name = Frameworks;
			sourceTree = "<group>";
		};
		620FD90F12287A4100EDE2B7 /* Fonts */ = {
			isa = PBXGroup;
			children = (
				620FD91812287C3800EDE2B7 /* Maestro.ttf */,
			);
			name = Fonts;
			sourceTree = "<group>";
		};
		6265F3D91218841D0010DEE2 /* TAMusic */ = {
			isa = PBXGroup;
			children = (
				6265F3DB121884290010DEE2 /* Unit Tests */,
				6265F3DA121884240010DEE2 /* Library */,
			);
			name = TAMusic;
			sourceTree = "<group>";
		};
		6265F3DA121884240010DEE2 /* Library */ = {
			isa = PBXGroup;
			children = (
				62962EC0121A5F95002F6246 /* Graphics */,
				62C599F112188C57003842DF /* Importer */,
				6265F3E9121884800010DEE2 /* TAMusic.h */,
				6265F3EA121884800010DEE2 /* TAMusicCommon.h */,
				6265F3EB121884800010DEE2 /* TAMusicCommon.m */,
				6265F3EC121884800010DEE2 /* TAMusicMeasure.h */,
				6265F3ED121884800010DEE2 /* TAMusicMeasure.m */,
				6265F3EE121884800010DEE2 /* TAMusicPart.h */,
				6265F3EF121884800010DEE2 /* TAMusicPart.m */,
				6265F3F0121884800010DEE2 /* TAMusicScore.h */,
				6265F3F1121884800010DEE2 /* TAMusicScore.m */,
				625FF51D121EE90700D201A8 /* TAMusicArticulation.h */,
				625FF51E121EE90700D201A8 /* TAMusicArticulation.m */,
				625FF525121EE93800D201A8 /* TAMusicInstrument.h */,
				625FF526121EE93800D201A8 /* TAMusicInstrument.m */,
				625FF529121EE94B00D201A8 /* TAMusicText.h */,
				625FF52A121EE94B00D201A8 /* TAMusicText.m */,
				620FD91A12287C9900EDE2B7 /* TAMusicView.h */,
				620FD91B12287C9900EDE2B7 /* TAMusicView.m */,
				620FDA4512289E0F00EDE2B7 /* TAMusicStaff.h */,
				620FDA4612289E0F00EDE2B7 /* TAMusicStaff.m */,
				627092481229FA1700DA149B /* TAMusicFont.h */,
				627092491229FA1700DA149B /* TAMusicFont.m */,
				623BDE04122C8968005605B4 /* TAMusicNote.h */,
				623BDE05122C8968005605B4 /* TAMusicNote.m */,
			);
			name = Library;
			sourceTree = "<group>";
		};
		6265F3DB121884290010DEE2 /* Unit Tests */ = {
			isa = PBXGroup;
			children = (
				6265F3E0121884760010DEE2 /* TAMusicMeasureTestCase.h */,
				6265F3E1121884760010DEE2 /* TAMusicMeasureTestCase.m */,
				6265F3E2121884760010DEE2 /* TAMusicPartTestCase.h */,
				6265F3E3121884760010DEE2 /* TAMusicPartTestCase.m */,
				6265F3E4121884760010DEE2 /* TAMusicScoreTestCase.h */,
				6265F3E5121884760010DEE2 /* TAMusicScoreTestCase.m */,
				62573341121A5B4700E1356F /* TAMusicXMLImporterTestCase.h */,
				62573342121A5B4700E1356F /* TAMusicXMLImporterTestCase.m */,
				62ABE1861227918400A20A82 /* TAMusicCommonTests.h */,
				62ABE1871227918400A20A82 /* TAMusicCommonTests.m */,
			);
			name = "Unit Tests";
			sourceTree = "<group>";
		};
		62708F331229903300DA149B /* Products */ = {
			isa = PBXGroup;
			children = (
				62708F371229903300DA149B /* libTAToolkit.a */,
			);
			name = Products;
			sourceTree = "<group>";
		};
		62962EC0121A5F95002F6246 /* Graphics */ = {
			isa = PBXGroup;
			children = (
				62962EC1121A5FCE002F6246 /* TAMusicStaffLayer.h */,
				62962EC2121A5FCE002F6246 /* TAMusicStaffLayer.m */,
			);
			name = Graphics;
			sourceTree = "<group>";
		};
		62C599F112188C57003842DF /* Importer */ = {
			isa = PBXGroup;
			children = (
				62C599ED12188C43003842DF /* TAMusicXMLImporter.h */,
				62C599EE12188C43003842DF /* TAMusicXMLImporter.m */,
				62C599F212188C79003842DF /* TAMusicImporter.h */,
				62C599F312188C79003842DF /* TAMusicImporter.m */,
			);
			name = Importer;
			sourceTree = "<group>";
		};
/* End PBXGroup section */

/* Begin PBXNativeTarget section */
		1D6058900D05DD3D006BFB54 /* Overture */ = {
			isa = PBXNativeTarget;
			buildConfigurationList = 1D6058960D05DD3E006BFB54 /* Build configuration list for PBXNativeTarget "Overture" */;
			buildPhases = (
				1D60588D0D05DD3D006BFB54 /* Resources */,
				1D60588E0D05DD3D006BFB54 /* Sources */,
				1D60588F0D05DD3D006BFB54 /* Frameworks */,
			);
			buildRules = (
			);
			dependencies = (
				62708F3A1229904200DA149B /* PBXTargetDependency */,
			);
			name = Overture;
			productName = Overture;
			productReference = 1D6058910D05DD3D006BFB54 /* Overture.app */;
			productType = "com.apple.product-type.application";
		};
		6265F41F121885E10010DEE2 /* TAMusic Test Bundle */ = {
			isa = PBXNativeTarget;
			buildConfigurationList = 6265F424121885E20010DEE2 /* Build configuration list for PBXNativeTarget "TAMusic Test Bundle" */;
			buildPhases = (
				6265F41B121885E10010DEE2 /* Resources */,
				6265F41C121885E10010DEE2 /* Sources */,
				6265F41D121885E10010DEE2 /* Frameworks */,
				6265F41E121885E10010DEE2 /* ShellScript */,
			);
			buildRules = (
			);
			dependencies = (
			);
			name = "TAMusic Test Bundle";
			productName = "TAMusic Test Bundle";
			productReference = 6265F420121885E10010DEE2 /* TAMusic Test Bundle.octest */;
			productType = "com.apple.product-type.bundle";
		};
/* End PBXNativeTarget section */

/* Begin PBXProject section */
		29B97313FDCFA39411CA2CEA /* Project object */ = {
			isa = PBXProject;
			buildConfigurationList = C01FCF4E08A954540054247B /* Build configuration list for PBXProject "Overture" */;
			compatibilityVersion = "Xcode 3.1";
			developmentRegion = English;
			hasScannedForEncodings = 1;
			knownRegions = (
				en,
			);
			mainGroup = 29B97314FDCFA39411CA2CEA /* CustomTemplate */;
			projectDirPath = "";
			projectReferences = (
				{
					ProductGroup = 62708F331229903300DA149B /* Products */;
					ProjectRef = 62708F321229903300DA149B /* TAToolkit.xcodeproj */;
				},
			);
			projectRoot = "";
			targets = (
				1D6058900D05DD3D006BFB54 /* Overture */,
				6265F41F121885E10010DEE2 /* TAMusic Test Bundle */,
			);
		};
/* End PBXProject section */

/* Begin PBXReferenceProxy section */
		62708F371229903300DA149B /* libTAToolkit.a */ = {
			isa = PBXReferenceProxy;
			fileType = archive.ar;
			path = libTAToolkit.a;
			remoteRef = 62708F361229903300DA149B /* PBXContainerItemProxy */;
			sourceTree = BUILT_PRODUCTS_DIR;
		};
/* End PBXReferenceProxy section */

/* Begin PBXResourcesBuildPhase section */
		1D60588D0D05DD3D006BFB54 /* Resources */ = {
			isa = PBXResourcesBuildPhase;
			buildActionMask = 2147483647;
			files = (
				28AD733F0D9D9553002E5188 /* MainWindow.xib in Resources */,
				620FD9E2122887D100EDE2B7 /* Maestro.ttf in Resources */,
				6270A139122B6F2F00DA149B /* musicXML.bundle in Resources */,
				62615A421239AFD9008FDA09 /* images.bundle in Resources */,
			);
			runOnlyForDeploymentPostprocessing = 0;
		};
		6265F41B121885E10010DEE2 /* Resources */ = {
			isa = PBXResourcesBuildPhase;
			buildActionMask = 2147483647;
			files = (
			);
			runOnlyForDeploymentPostprocessing = 0;
		};
/* End PBXResourcesBuildPhase section */

/* Begin PBXShellScriptBuildPhase section */
		6265F41E121885E10010DEE2 /* ShellScript */ = {
			isa = PBXShellScriptBuildPhase;
			buildActionMask = 2147483647;
			files = (
			);
			inputPaths = (
			);
			outputPaths = (
			);
			runOnlyForDeploymentPostprocessing = 0;
			shellPath = /bin/sh;
			shellScript = "# Run the unit tests in this test bundle.\n\"${SYSTEM_DEVELOPER_DIR}/Tools/RunUnitTests\"\n";
		};
/* End PBXShellScriptBuildPhase section */

/* Begin PBXSourcesBuildPhase section */
		1D60588E0D05DD3D006BFB54 /* Sources */ = {
			isa = PBXSourcesBuildPhase;
			buildActionMask = 2147483647;
			files = (
				1D60589B0D05DD56006BFB54 /* main.m in Sources */,
				1D3623260D0F684500981E51 /* OvertureAppDelegate.m in Sources */,
				6265F3FD121884A80010DEE2 /* TAMusicCommon.m in Sources */,
				6265F3FE121884A80010DEE2 /* TAMusicMeasure.m in Sources */,
				6265F3FF121884A80010DEE2 /* TAMusicPart.m in Sources */,
				6265F400121884A80010DEE2 /* TAMusicScore.m in Sources */,
				62C599EF12188C43003842DF /* TAMusicXMLImporter.m in Sources */,
				62C599F512188C79003842DF /* TAMusicImporter.m in Sources */,
				62962EC3121A5FCE002F6246 /* TAMusicStaffLayer.m in Sources */,
				625FF51F121EE90700D201A8 /* TAMusicArticulation.m in Sources */,
				625FF527121EE93800D201A8 /* TAMusicInstrument.m in Sources */,
				625FF52B121EE94B00D201A8 /* TAMusicText.m in Sources */,
				620FD91C12287C9900EDE2B7 /* TAMusicView.m in Sources */,
				620FDA4712289E0F00EDE2B7 /* TAMusicStaff.m in Sources */,
				62708C931229792800DA149B /* RootController.m in Sources */,
				6270924A1229FA1700DA149B /* TAMusicFont.m in Sources */,
				623BDE06122C8968005605B4 /* TAMusicNote.m in Sources */,
			);
			runOnlyForDeploymentPostprocessing = 0;
		};
		6265F41C121885E10010DEE2 /* Sources */ = {
			isa = PBXSourcesBuildPhase;
			buildActionMask = 2147483647;
			files = (
				62C598D012188744003842DF /* TAMusicMeasureTestCase.m in Sources */,
				62C598D112188744003842DF /* TAMusicPartTestCase.m in Sources */,
				62C598D212188744003842DF /* TAMusicScoreTestCase.m in Sources */,
				62C598D312188744003842DF /* TAMusicCommon.m in Sources */,
				62C598D412188744003842DF /* TAMusicMeasure.m in Sources */,
				62C598D512188744003842DF /* TAMusicPart.m in Sources */,
				62C598D612188744003842DF /* TAMusicScore.m in Sources */,
				62C599F012188C43003842DF /* TAMusicXMLImporter.m in Sources */,
				62C599F412188C79003842DF /* TAMusicImporter.m in Sources */,
				62573343121A5B4700E1356F /* TAMusicXMLImporterTestCase.m in Sources */,
				625FF520121EE90700D201A8 /* TAMusicArticulation.m in Sources */,
				625FF528121EE93800D201A8 /* TAMusicInstrument.m in Sources */,
				625FF52C121EE94B00D201A8 /* TAMusicText.m in Sources */,
				62ABE1881227918400A20A82 /* TAMusicCommonTests.m in Sources */,
			);
			runOnlyForDeploymentPostprocessing = 0;
		};
/* End PBXSourcesBuildPhase section */

/* Begin PBXTargetDependency section */
		62708F3A1229904200DA149B /* PBXTargetDependency */ = {
			isa = PBXTargetDependency;
			name = TAToolkit;
			targetProxy = 62708F391229904200DA149B /* PBXContainerItemProxy */;
		};
/* End PBXTargetDependency section */

/* Begin XCBuildConfiguration section */
		1D6058940D05DD3E006BFB54 /* Debug */ = {
			isa = XCBuildConfiguration;
			buildSettings = {
				ALWAYS_SEARCH_USER_PATHS = NO;
				COPY_PHASE_STRIP = NO;
				GCC_DYNAMIC_NO_PIC = NO;
				GCC_OPTIMIZATION_LEVEL = 0;
				GCC_PRECOMPILE_PREFIX_HEADER = YES;
				GCC_PREFIX_HEADER = Overture_Prefix.pch;
				HEADER_SEARCH_PATHS = Frameworks/TAToolkit;
				INFOPLIST_FILE = "Overture-Info.plist";
				IPHONEOS_DEPLOYMENT_TARGET = 3.2;
				OTHER_LDFLAGS = (
					"-all_load",
					"-ObjC",
				);
				PRODUCT_NAME = Overture;
				SDKROOT = iphoneos3.2;
				TARGETED_DEVICE_FAMILY = "1,2";
				USER_HEADER_SEARCH_PATHS = "";
			};
			name = Debug;
		};
		1D6058950D05DD3E006BFB54 /* Release */ = {
			isa = XCBuildConfiguration;
			buildSettings = {
				ALWAYS_SEARCH_USER_PATHS = NO;
				COPY_PHASE_STRIP = YES;
				GCC_PRECOMPILE_PREFIX_HEADER = YES;
				GCC_PREFIX_HEADER = Overture_Prefix.pch;
				HEADER_SEARCH_PATHS = Frameworks/TAToolkit;
				INFOPLIST_FILE = "Overture-Info.plist";
				IPHONEOS_DEPLOYMENT_TARGET = 3.2;
				OTHER_LDFLAGS = (
					"-all_load",
					"-ObjC",
				);
				PRODUCT_NAME = Overture;
				SDKROOT = iphoneos3.2;
				TARGETED_DEVICE_FAMILY = "1,2";
				USER_HEADER_SEARCH_PATHS = "";
				VALIDATE_PRODUCT = YES;
			};
			name = Release;
		};
		6265F422121885E20010DEE2 /* Debug */ = {
			isa = XCBuildConfiguration;
			buildSettings = {
				ALWAYS_SEARCH_USER_PATHS = NO;
				BUNDLE_LOADER = "$(CONFIGURATION_BUILD_DIR)/Overture.app/Overture";
				"CODE_SIGN_IDENTITY[sdk=iphoneos*]" = "";
				COPY_PHASE_STRIP = NO;
				FRAMEWORK_SEARCH_PATHS = (
					"\"$(SDKROOT)/Developer/Library/Frameworks\"",
					"\"$(DEVELOPER_LIBRARY_DIR)/Frameworks\"",
				);
				GCC_DYNAMIC_NO_PIC = NO;
				GCC_ENABLE_FIX_AND_CONTINUE = NO;
				GCC_ENABLE_OBJC_EXCEPTIONS = YES;
				GCC_OPTIMIZATION_LEVEL = 0;
				INFOPLIST_FILE = "TAMusic Test Bundle-Info.plist";
				OTHER_LDFLAGS = (
					"-framework",
					Foundation,
					"-framework",
					SenTestingKit,
					"-framework",
					UIKit,
				);
				PREBINDING = NO;
				PRODUCT_NAME = "TAMusic Test Bundle";
				SDKROOT = iphoneos4.0;
				WRAPPER_EXTENSION = octest;
			};
			name = Debug;
		};
		6265F423121885E20010DEE2 /* Release */ = {
			isa = XCBuildConfiguration;
			buildSettings = {
				ALWAYS_SEARCH_USER_PATHS = NO;
				BUNDLE_LOADER = "$(CONFIGURATION_BUILD_DIR)/Overture.app/Overture";
				"CODE_SIGN_IDENTITY[sdk=iphoneos*]" = "";
				COPY_PHASE_STRIP = YES;
				DEBUG_INFORMATION_FORMAT = "dwarf-with-dsym";
				FRAMEWORK_SEARCH_PATHS = (
					"\"$(SDKROOT)/Developer/Library/Frameworks\"",
					"\"$(DEVELOPER_LIBRARY_DIR)/Frameworks\"",
				);
				GCC_ENABLE_FIX_AND_CONTINUE = NO;
				GCC_ENABLE_OBJC_EXCEPTIONS = YES;
				INFOPLIST_FILE = "TAMusic Test Bundle-Info.plist";
				OTHER_LDFLAGS = (
					"-framework",
					Foundation,
					"-framework",
					SenTestingKit,
					"-framework",
					UIKit,
				);
				PREBINDING = NO;
				PRODUCT_NAME = "TAMusic Test Bundle";
				SDKROOT = iphoneos4.0;
				WRAPPER_EXTENSION = octest;
				ZERO_LINK = NO;
			};
			name = Release;
		};
		C01FCF4F08A954540054247B /* Debug */ = {
			isa = XCBuildConfiguration;
			buildSettings = {
				ARCHS = "$(ARCHS_UNIVERSAL_IPHONE_OS)";
				"CODE_SIGN_IDENTITY[sdk=iphoneos*]" = "iPhone Developer";
				GCC_C_LANGUAGE_STANDARD = c99;
				GCC_WARN_ABOUT_RETURN_TYPE = YES;
				GCC_WARN_UNUSED_VARIABLE = YES;
				PREBINDING = NO;
				SDKROOT = iphoneos3.2;
				TARGETED_DEVICE_FAMILY = 2;
			};
			name = Debug;
		};
		C01FCF5008A954540054247B /* Release */ = {
			isa = XCBuildConfiguration;
			buildSettings = {
				ARCHS = "$(ARCHS_UNIVERSAL_IPHONE_OS)";
				"CODE_SIGN_IDENTITY[sdk=iphoneos*]" = "iPhone Developer";
				GCC_C_LANGUAGE_STANDARD = c99;
				GCC_WARN_ABOUT_RETURN_TYPE = YES;
				GCC_WARN_UNUSED_VARIABLE = YES;
				OTHER_CFLAGS = "-DNS_BLOCK_ASSERTIONS=1";
				PREBINDING = NO;
				SDKROOT = iphoneos3.2;
				TARGETED_DEVICE_FAMILY = 2;
			};
			name = Release;
		};
/* End XCBuildConfiguration section */

/* Begin XCConfigurationList section */
		1D6058960D05DD3E006BFB54 /* Build configuration list for PBXNativeTarget "Overture" */ = {
			isa = XCConfigurationList;
			buildConfigurations = (
				1D6058940D05DD3E006BFB54 /* Debug */,
				1D6058950D05DD3E006BFB54 /* Release */,
			);
			defaultConfigurationIsVisible = 0;
			defaultConfigurationName = Release;
		};
		6265F424121885E20010DEE2 /* Build configuration list for PBXNativeTarget "TAMusic Test Bundle" */ = {
			isa = XCConfigurationList;
			buildConfigurations = (
				6265F422121885E20010DEE2 /* Debug */,
				6265F423121885E20010DEE2 /* Release */,
			);
			defaultConfigurationIsVisible = 0;
			defaultConfigurationName = Release;
		};
		C01FCF4E08A954540054247B /* Build configuration list for PBXProject "Overture" */ = {
			isa = XCConfigurationList;
			buildConfigurations = (
				C01FCF4F08A954540054247B /* Debug */,
				C01FCF5008A954540054247B /* Release */,
			);
			defaultConfigurationIsVisible = 0;
			defaultConfigurationName = Release;
		};
/* End XCConfigurationList section */
	};
	rootObject = 29B97313FDCFA39411CA2CEA /* Project object */;
}
